
Microsoft Visual Studio Solution File, Format Version 12.00
# Visual Studio 15
Project("{FAE04EC0-301F-11D3-BF4B-00C04F79EFBC}") = "ShaderTests", "ShaderTests.csproj", "{A24D1AFD-D118-D931-E556-4AD66406AC4F}"
EndProject
Global
	GlobalSection(SolutionConfigurationPlatforms) = preSolution
		Debug|Any CPU = Debug|Any CPU
		Release|Any CPU = Release|Any CPU
	EndGlobalSection
	GlobalSection(ProjectConfigurationPlatforms) = postSolution
		{A24D1AFD-D118-D931-E556-4AD66406AC4F}.Debug|Any CPU.ActiveCfg = Debug|Any CPU
		{A24D1AFD-D118-D931-E556-4AD66406AC4F}.Debug|Any CPU.Build.0 = Debug|Any CPU
		{A24D1AFD-D118-D931-E556-4AD66406AC4F}.Release|Any CPU.ActiveCfg = Release|Any CPU
		{A24D1AFD-D118-D931-E556-4AD66406AC4F}.Release|Any CPU.Build.0 = Release|Any CPU
	EndGlobalSection
	GlobalSection(SolutionProperties) = preSolution
		HideSolutionNode = FALSE
	EndGlobalSection
EndGlobal
