
Microsoft Visual Studio Solution File, Format Version 12.00
# Visual Studio 14
VisualStudioVersion = 14.0.24720.0
MinimumVisualStudioVersion = 10.0.40219.1
Project("{FAE04EC0-301F-11D3-BF4B-00C04F79EFBC}") = "PathFinding", "PathFinding\PathFinding.csproj", "{F116AAE9-80C7-4110-BC6E-F72E56B775FC}"
EndProject
Global
	GlobalSection(SolutionConfigurationPlatforms) = preSolution
		Debug|Any CPU = Debug|Any CPU
		Release|Any CPU = Release|Any CPU
	EndGlobalSection
	GlobalSection(ProjectConfigurationPlatforms) = postSolution
		{F116AAE9-80C7-4110-BC6E-F72E56B775FC}.Debug|Any CPU.ActiveCfg = Debug|Any CPU
		{F116AAE9-80C7-4110-BC6E-F72E56B775FC}.Debug|Any CPU.Build.0 = Debug|Any CPU
		{F116AAE9-80C7-4110-BC6E-F72E56B775FC}.Release|Any CPU.ActiveCfg = Release|Any CPU
		{F116AAE9-80C7-4110-BC6E-F72E56B775FC}.Release|Any CPU.Build.0 = Release|Any CPU
	EndGlobalSection
	GlobalSection(SolutionProperties) = preSolution
		HideSolutionNode = FALSE
	EndGlobalSection
EndGlobal
