
Microsoft Visual Studio Solution File, Format Version 12.00
# Visual Studio 15
VisualStudioVersion = 15.0.27428.2011
MinimumVisualStudioVersion = 10.0.40219.1
Project("{8BC9CEB8-8B4A-11D0-8D11-00A0C91BC942}") = "TextAdventure2", "TextAdventure2.vcxproj", "{CE1E500A-1472-4B95-BCA7-E475E0E19722}"
EndProject
Global
	GlobalSection(SolutionConfigurationPlatforms) = preSolution
		Debug|x64 = Debug|x64
		Debug|x86 = Debug|x86
		Release|x64 = Release|x64
		Release|x86 = Release|x86
	EndGlobalSection
	GlobalSection(ProjectConfigurationPlatforms) = postSolution
		{CE1E500A-1472-4B95-BCA7-E475E0E19722}.Debug|x64.ActiveCfg = Debug|x64
		{CE1E500A-1472-4B95-BCA7-E475E0E19722}.Debug|x64.Build.0 = Debug|x64
		{CE1E500A-1472-4B95-BCA7-E475E0E19722}.Debug|x86.ActiveCfg = Debug|Win32
		{CE1E500A-1472-4B95-BCA7-E475E0E19722}.Debug|x86.Build.0 = Debug|Win32
		{CE1E500A-1472-4B95-BCA7-E475E0E19722}.Release|x64.ActiveCfg = Release|x64
		{CE1E500A-1472-4B95-BCA7-E475E0E19722}.Release|x64.Build.0 = Release|x64
		{CE1E500A-1472-4B95-BCA7-E475E0E19722}.Release|x86.ActiveCfg = Release|Win32
		{CE1E500A-1472-4B95-BCA7-E475E0E19722}.Release|x86.Build.0 = Release|Win32
	EndGlobalSection
	GlobalSection(SolutionProperties) = preSolution
		HideSolutionNode = FALSE
	EndGlobalSection
	GlobalSection(ExtensibilityGlobals) = postSolution
		SolutionGuid = {FF27FEF1-D438-47E3-AB01-1012676DCE3D}
	EndGlobalSection
EndGlobal
